
Microsoft Visual Studio Solution File, Format Version 12.00
Project("{FAE04EC0-301F-11D3-BF4B-00C04F79EFBC}") = "ManiaTemplates", "src/ManiaTemplates/ManiaTemplates.csproj", "{75BE65D8-E42A-422B-88AC-B297096019FC}"
EndProject
Project("{FAE04EC0-301F-11D3-BF4B-00C04F79EFBC}") = "ManiaTemplates.Tests", "tests\ManiaTemplates.Tests\ManiaTemplates.Tests.csproj", "{FD08D40D-341A-46C1-BD63-56D60121F664}"
EndProject
Global
	GlobalSection(SolutionConfigurationPlatforms) = preSolution
		Debug|Any CPU = Debug|Any CPU
		Release|Any CPU = Release|Any CPU
	EndGlobalSection
	GlobalSection(ProjectConfigurationPlatforms) = postSolution
		{75BE65D8-E42A-422B-88AC-B297096019FC}.Debug|Any CPU.ActiveCfg = Debug|Any CPU
		{75BE65D8-E42A-422B-88AC-B297096019FC}.Debug|Any CPU.Build.0 = Debug|Any CPU
		{75BE65D8-E42A-422B-88AC-B297096019FC}.Release|Any CPU.ActiveCfg = Release|Any CPU
		{75BE65D8-E42A-422B-88AC-B297096019FC}.Release|Any CPU.Build.0 = Release|Any CPU
		{FD08D40D-341A-46C1-BD63-56D60121F664}.Debug|Any CPU.ActiveCfg = Debug|Any CPU
		{FD08D40D-341A-46C1-BD63-56D60121F664}.Debug|Any CPU.Build.0 = Debug|Any CPU
		{FD08D40D-341A-46C1-BD63-56D60121F664}.Release|Any CPU.ActiveCfg = Release|Any CPU
		{FD08D40D-341A-46C1-BD63-56D60121F664}.Release|Any CPU.Build.0 = Release|Any CPU
	EndGlobalSection
EndGlobal
