
Microsoft Visual Studio Solution File, Format Version 12.00
Project("{FAE04EC0-301F-11D3-BF4B-00C04F79EFBC}") = "ManiaTemplates", "ManiaTemplates.csproj", "{75BE65D8-E42A-422B-88AC-B297096019FC}"
EndProject
Project("{FAE04EC0-301F-11D3-BF4B-00C04F79EFBC}") = "Tester", "Tester\Tester.csproj", "{BBA5DC74-14C1-41B6-9F02-E033591BBC54}"
EndProject
Project("{FAE04EC0-301F-11D3-BF4B-00C04F79EFBC}") = "Models", "Models\Models.csproj", "{FE52896B-CA50-4187-BCE3-E1E8BC285081}"
EndProject
Project("{FAE04EC0-301F-11D3-BF4B-00C04F79EFBC}") = "DocGenerator", "DocGenerator\DocGenerator.csproj", "{DC627E42-16AE-4C37-A768-425134B288A0}"
EndProject
Global
	GlobalSection(SolutionConfigurationPlatforms) = preSolution
		Debug|Any CPU = Debug|Any CPU
		Release|Any CPU = Release|Any CPU
	EndGlobalSection
	GlobalSection(ProjectConfigurationPlatforms) = postSolution
		{75BE65D8-E42A-422B-88AC-B297096019FC}.Debug|Any CPU.ActiveCfg = Debug|Any CPU
		{75BE65D8-E42A-422B-88AC-B297096019FC}.Debug|Any CPU.Build.0 = Debug|Any CPU
		{75BE65D8-E42A-422B-88AC-B297096019FC}.Release|Any CPU.ActiveCfg = Release|Any CPU
		{75BE65D8-E42A-422B-88AC-B297096019FC}.Release|Any CPU.Build.0 = Release|Any CPU
		{BBA5DC74-14C1-41B6-9F02-E033591BBC54}.Debug|Any CPU.ActiveCfg = Debug|Any CPU
		{BBA5DC74-14C1-41B6-9F02-E033591BBC54}.Debug|Any CPU.Build.0 = Debug|Any CPU
		{BBA5DC74-14C1-41B6-9F02-E033591BBC54}.Release|Any CPU.ActiveCfg = Release|Any CPU
		{BBA5DC74-14C1-41B6-9F02-E033591BBC54}.Release|Any CPU.Build.0 = Release|Any CPU
		{FE52896B-CA50-4187-BCE3-E1E8BC285081}.Debug|Any CPU.ActiveCfg = Debug|Any CPU
		{FE52896B-CA50-4187-BCE3-E1E8BC285081}.Debug|Any CPU.Build.0 = Debug|Any CPU
		{FE52896B-CA50-4187-BCE3-E1E8BC285081}.Release|Any CPU.ActiveCfg = Release|Any CPU
		{FE52896B-CA50-4187-BCE3-E1E8BC285081}.Release|Any CPU.Build.0 = Release|Any CPU
		{DC627E42-16AE-4C37-A768-425134B288A0}.Debug|Any CPU.ActiveCfg = Debug|Any CPU
		{DC627E42-16AE-4C37-A768-425134B288A0}.Debug|Any CPU.Build.0 = Debug|Any CPU
		{DC627E42-16AE-4C37-A768-425134B288A0}.Release|Any CPU.ActiveCfg = Release|Any CPU
		{DC627E42-16AE-4C37-A768-425134B288A0}.Release|Any CPU.Build.0 = Release|Any CPU
	EndGlobalSection
EndGlobal
